
Microsoft Visual Studio Solution File, Format Version 12.00
# Visual Studio Version 17
VisualStudioVersion = 17.12.35707.178 d17.12
MinimumVisualStudioVersion = 10.0.40219.1
Project("{FAE04EC0-301F-11D3-BF4B-00C04F79EFBC}") = "1.ReverseStrings", "1.ReverseStrings\1.ReverseStrings.csproj", "{7D26D116-2965-49AF-85F4-BCE79583E9A4}"
EndProject
Project("{FAE04EC0-301F-11D3-BF4B-00C04F79EFBC}") = "02.RepeatStrings", "02.RepeatStrings\02.RepeatStrings.csproj", "{05CB9862-625F-4F11-9960-C9CAB1C7E24F}"
EndProject
Global
	GlobalSection(SolutionConfigurationPlatforms) = preSolution
		Debug|Any CPU = Debug|Any CPU
		Release|Any CPU = Release|Any CPU
	EndGlobalSection
	GlobalSection(ProjectConfigurationPlatforms) = postSolution
		{7D26D116-2965-49AF-85F4-BCE79583E9A4}.Debug|Any CPU.ActiveCfg = Debug|Any CPU
		{7D26D116-2965-49AF-85F4-BCE79583E9A4}.Debug|Any CPU.Build.0 = Debug|Any CPU
		{7D26D116-2965-49AF-85F4-BCE79583E9A4}.Release|Any CPU.ActiveCfg = Release|Any CPU
		{7D26D116-2965-49AF-85F4-BCE79583E9A4}.Release|Any CPU.Build.0 = Release|Any CPU
		{05CB9862-625F-4F11-9960-C9CAB1C7E24F}.Debug|Any CPU.ActiveCfg = Debug|Any CPU
		{05CB9862-625F-4F11-9960-C9CAB1C7E24F}.Debug|Any CPU.Build.0 = Debug|Any CPU
		{05CB9862-625F-4F11-9960-C9CAB1C7E24F}.Release|Any CPU.ActiveCfg = Release|Any CPU
		{05CB9862-625F-4F11-9960-C9CAB1C7E24F}.Release|Any CPU.Build.0 = Release|Any CPU
	EndGlobalSection
	GlobalSection(SolutionProperties) = preSolution
		HideSolutionNode = FALSE
	EndGlobalSection
EndGlobal
